Microsoft Visual Studio Solution File, Format Version 12.00
# Visual Studio Version 18
VisualStudioVersion = 18.7.11911.148 stable
MinimumVisualStudioVersion = 10.0.40219.1
Project("{9A19103F-16F7-4668-BE54-9A1E7A4F7556}") = "MinecraftCheatLauncher", "MinecraftCheatLauncher\MinecraftCheatLauncher.csproj", "{AA41B194-7E09-8B2D-34C2-4227FF715E25}"
EndProject
Project("{9A19103F-16F7-4668-BE54-9A1E7A4F7556}") = "VesperNet.Service", "windows\VesperNet.Service\VesperNet.Service.csproj", "{8F0CF4C0-3FD8-4D42-9329-40D748C3B8AB}"
EndProject
Global
	GlobalSection(SolutionConfigurationPlatforms) = preSolution
		Debug|Any CPU = Debug|Any CPU
		Release|Any CPU = Release|Any CPU
	EndGlobalSection
	GlobalSection(ProjectConfigurationPlatforms) = postSolution
		{AA41B194-7E09-8B2D-34C2-4227FF715E25}.Debug|Any CPU.ActiveCfg = Debug|Any CPU
		{AA41B194-7E09-8B2D-34C2-4227FF715E25}.Debug|Any CPU.Build.0 = Debug|Any CPU
		{AA41B194-7E09-8B2D-34C2-4227FF715E25}.Release|Any CPU.ActiveCfg = Release|Any CPU
		{AA41B194-7E09-8B2D-34C2-4227FF715E25}.Release|Any CPU.Build.0 = Release|Any CPU
		{8F0CF4C0-3FD8-4D42-9329-40D748C3B8AB}.Debug|Any CPU.ActiveCfg = Debug|Any CPU
		{8F0CF4C0-3FD8-4D42-9329-40D748C3B8AB}.Debug|Any CPU.Build.0 = Debug|Any CPU
		{8F0CF4C0-3FD8-4D42-9329-40D748C3B8AB}.Release|Any CPU.ActiveCfg = Release|Any CPU
		{8F0CF4C0-3FD8-4D42-9329-40D748C3B8AB}.Release|Any CPU.Build.0 = Release|Any CPU
	EndGlobalSection
	GlobalSection(SolutionProperties) = preSolution
		HideSolutionNode = FALSE
	EndGlobalSection
	GlobalSection(ExtensibilityGlobals) = postSolution
		SolutionGuid = {49260CF2-7C11-4A5A-8109-9D4B6E25C771}
	EndGlobalSection
EndGlobal
